PODS:
  - Alamofire (4.9.0)
  - LoadingView/Binary (1.1)

DEPENDENCIES:
  - Alamofire
  - LoadingView/Binary (from `https://github.com/raphaeloc/loadingView`, tag `1.1`)

SPEC REPOS:
  https://github.com/cocoapods/specs.git:
    - Alamofire

EXTERNAL SOURCES:
  LoadingView:
    :git: https://github.com/raphaeloc/loadingView
    :tag: '1.1'

CHECKOUT OPTIONS:
  LoadingView:
    :git: https://github.com/raphaeloc/loadingView
    :tag: '1.1'

SPEC CHECKSUMS:
  Alamofire: afc3e7c6db61476cb45cdd23fed06bad03bbc321
  LoadingView: 973b507721ea9852c994b5accdad065ac653cf9c

PODFILE CHECKSUM: a3a65c7532ea9ced4edd4e0eb96838f2df0c7664

COCOAPODS: 1.7.5
